Microsoft Visual Studio Solution File, Format Version 12.00
# Visual Studio Version 17
VisualStudioVersion = 17.5.2.0
MinimumVisualStudioVersion = 10.0.40219.1
Project("{FAE04EC0-301F-11D3-BF4B-00C04F79EFBC}") = "Ergonomy", "Ergonomy.csproj", "{8428E23F-926B-D4E1-2F86-0166683B81F8}"
EndProject
Global
	GlobalSection(SolutionConfigurationPlatforms) = preSolution
		Debug|Any CPU = Debug|Any CPU
		Release|Any CPU = Release|Any CPU
	EndGlobalSection
	GlobalSection(ProjectConfigurationPlatforms) = postSolution
		{8428E23F-926B-D4E1-2F86-0166683B81F8}.Debug|Any CPU.ActiveCfg = Debug|Any CPU
		{8428E23F-926B-D4E1-2F86-0166683B81F8}.Debug|Any CPU.Build.0 = Debug|Any CPU
		{8428E23F-926B-D4E1-2F86-0166683B81F8}.Release|Any CPU.ActiveCfg = Release|Any CPU
		{8428E23F-926B-D4E1-2F86-0166683B81F8}.Release|Any CPU.Build.0 = Release|Any CPU
	EndGlobalSection
	GlobalSection(SolutionProperties) = preSolution
		HideSolutionNode = FALSE
	EndGlobalSection
	GlobalSection(ExtensibilityGlobals) = postSolution
		SolutionGuid = {5A2D6720-F8B0-4F4D-81F6-D1B1D86DDFD2}
	EndGlobalSection
EndGlobal
